
Microsoft Visual Studio Solution File, Format Version 12.00
# Visual Studio Version 17
VisualStudioVersion = 17.3.32901.215
MinimumVisualStudioVersion = 10.0.40219.1
Project("{8BC9CEB8-8B4A-11D0-8D11-00A0C91BC942}") = "Mandelbrot-set", "Mandelbrot-set\Mandelbrot-set.vcxproj", "{4C24A01E-D3D9-47B4-9E97-96E3206F02AC}"
EndProject
Global
	GlobalSection(SolutionConfigurationPlatforms) = preSolution
		Debug|x64 = Debug|x64
		Debug|x86 = Debug|x86
		Release|x64 = Release|x64
		Release|x86 = Release|x86
	EndGlobalSection
	GlobalSection(ProjectConfigurationPlatforms) = postSolution
		{4C24A01E-D3D9-47B4-9E97-96E3206F02AC}.Debug|x64.ActiveCfg = Debug|x64
		{4C24A01E-D3D9-47B4-9E97-96E3206F02AC}.Debug|x64.Build.0 = Debug|x64
		{4C24A01E-D3D9-47B4-9E97-96E3206F02AC}.Debug|x86.ActiveCfg = Debug|Win32
		{4C24A01E-D3D9-47B4-9E97-96E3206F02AC}.Debug|x86.Build.0 = Debug|Win32
		{4C24A01E-D3D9-47B4-9E97-96E3206F02AC}.Release|x64.ActiveCfg = Release|x64
		{4C24A01E-D3D9-47B4-9E97-96E3206F02AC}.Release|x64.Build.0 = Release|x64
		{4C24A01E-D3D9-47B4-9E97-96E3206F02AC}.Release|x86.ActiveCfg = Release|Win32
		{4C24A01E-D3D9-47B4-9E97-96E3206F02AC}.Release|x86.Build.0 = Release|Win32
	EndGlobalSection
	GlobalSection(SolutionProperties) = preSolution
		HideSolutionNode = FALSE
	EndGlobalSection
	GlobalSection(ExtensibilityGlobals) = postSolution
		SolutionGuid = {5EE93540-B09A-4B81-8C0A-D760A13CBC31}
	EndGlobalSection
EndGlobal
